
Microsoft Visual Studio Solution File, Format Version 12.00
# Visual Studio 15
VisualStudioVersion = 15.0.27004.2009
MinimumVisualStudioVersion = 10.0.40219.1
Project("{9A19103F-16F7-4668-BE54-9A1E7A4F7556}") = "SparkTodo.API", "SparkTodo.API\SparkTodo.API.csproj", "{0310FBDD-244C-4292-AA60-E5660CB60557}"
EndProject
Global
	GlobalSection(SolutionConfigurationPlatforms) = preSolution
		Debug|Any CPU = Debug|Any CPU
		Release|Any CPU = Release|Any CPU
	EndGlobalSection
	GlobalSection(ProjectConfigurationPlatforms) = postSolution
		{0310FBDD-244C-4292-AA60-E5660CB60557}.Debug|Any CPU.ActiveCfg = Debug|Any CPU
		{0310FBDD-244C-4292-AA60-E5660CB60557}.Debug|Any CPU.Build.0 = Debug|Any CPU
		{0310FBDD-244C-4292-AA60-E5660CB60557}.Release|Any CPU.ActiveCfg = Release|Any CPU
		{0310FBDD-244C-4292-AA60-E5660CB60557}.Release|Any CPU.Build.0 = Release|Any CPU
	EndGlobalSection
	GlobalSection(SolutionProperties) = preSolution
		HideSolutionNode = FALSE
	EndGlobalSection
	GlobalSection(ExtensibilityGlobals) = postSolution
		SolutionGuid = {1E40E60C-89AD-46FB-AB83-44435CDFA254}
	EndGlobalSection
EndGlobal
